
Microsoft Visual Studio Solution File, Format Version 12.00
# Visual Studio 14
VisualStudioVersion = 14.0.25420.1
MinimumVisualStudioVersion = 10.0.40219.1
Project("{FAE04EC0-301F-11D3-BF4B-00C04F79EFBC}") = "Cadastro_Evento", "Cadastro_Evento\Cadastro_Evento.csproj", "{BB470F95-1DC4-4983-A352-9289273BE892}"
EndProject
Project("{FAE04EC0-301F-11D3-BF4B-00C04F79EFBC}") = "CadastroEvento_Core", "CadastroEvento_Core\CadastroEvento_Core.csproj", "{347EFF2F-4A4E-430F-BD56-7F497A44B3F4}"
EndProject
Global
	GlobalSection(SolutionConfigurationPlatforms) = preSolution
		Debug|Any CPU = Debug|Any CPU
		Release|Any CPU = Release|Any CPU
	EndGlobalSection
	GlobalSection(ProjectConfigurationPlatforms) = postSolution
		{BB470F95-1DC4-4983-A352-9289273BE892}.Debug|Any CPU.ActiveCfg = Debug|Any CPU
		{BB470F95-1DC4-4983-A352-9289273BE892}.Debug|Any CPU.Build.0 = Debug|Any CPU
		{BB470F95-1DC4-4983-A352-9289273BE892}.Release|Any CPU.ActiveCfg = Release|Any CPU
		{BB470F95-1DC4-4983-A352-9289273BE892}.Release|Any CPU.Build.0 = Release|Any CPU
		{347EFF2F-4A4E-430F-BD56-7F497A44B3F4}.Debug|Any CPU.ActiveCfg = Debug|Any CPU
		{347EFF2F-4A4E-430F-BD56-7F497A44B3F4}.Debug|Any CPU.Build.0 = Debug|Any CPU
		{347EFF2F-4A4E-430F-BD56-7F497A44B3F4}.Release|Any CPU.ActiveCfg = Release|Any CPU
		{347EFF2F-4A4E-430F-BD56-7F497A44B3F4}.Release|Any CPU.Build.0 = Release|Any CPU
	EndGlobalSection
	GlobalSection(SolutionProperties) = preSolution
		HideSolutionNode = FALSE
	EndGlobalSection
EndGlobal
